{
    "_readme": [
        "This file locks the dependencies of your project to a known state",
        "Read more about it at https://getcomposer.org/doc/01-basic-usage.md#installing-dependencies",
        "This file is @generated automatically"
    ],
    "content-hash": "feccfcdeb2be2b08af44afb748fa8c7a",
    "packages": [
        {
            "name": "fiveyears/drupal10_parallax_theme",
            "version": "1.0.1",
            "source": {
                "type": "git",
                "url": "https://github.com/fiveyears/drupal10_parallax_theme.git",
                "reference": "bda9506bdb20dea68132f7ca1ce9a7a7c5ace576"
            },
            "dist": {
                "type": "zip",
                "url": "https://api.github.com/repos/fiveyears/drupal10_parallax_theme/zipball/bda9506bdb20dea68132f7ca1ce9a7a7c5ace576",
                "reference": "bda9506bdb20dea68132f7ca1ce9a7a7c5ace576",
                "shasum": ""
            },
            "type": "drupal-theme",
            "authors": [
                {
                    "name": "five years",
                    "email": "fiveyears62@gmail.com"
                }
            ],
            "description": "wadokai parallax 10 theme",
            "support": {
                "source": "https://github.com/fiveyears/drupal10_parallax_theme/tree/1.0.1",
                "issues": "https://github.com/fiveyears/drupal10_parallax_theme/issues"
            },
            "time": "2023-05-28T16:53:22+00:00"
        }
    ],
    "packages-dev": [],
    "aliases": [],
    "minimum-stability": "stable",
    "stability-flags": [],
    "prefer-stable": false,
    "prefer-lowest": false,
    "platform": [],
    "platform-dev": [],
    "plugin-api-version": "2.3.0"
}
